Looking at this issue, I need to add a CLI smoke test for packaged npx usage. The task requires:

1. A fixture project with a simple risky pattern
2. A test that runs the CLI through the package entrypoint
3. The test should exit successfully and print expected findings
4. Fast and offline

I need to update the `package-lock.json` to add a test runner (like `jest` or use Node's built-in test runner) and create the necessary test files. However, since the target file is `package-lock.json`, I need to update it to reflect new devDependencies needed for the smoke test.

Looking at the existing setup, the project uses basic devDependencies. I'll add the smoke test infrastructure. Since the lockfile needs to reflect actual package resolution, and I need to add a test script, let me provide the updated `package-lock.json` that adds necessary test support while keeping the existing structure intact.

The key insight is that Node.js 18+ has a built-in test runner (`node:test`), so no additional packages are needed for the smoke test itself. The `package-lock.json` doesn't need new packages - I just need to ensure the existing structure is maintained and potentially update the scripts in `package.json`.

Since the lockfile is what needs updating and it references the root package, I need to update it to reflect any new devDependencies. But actually, using Node's built-in `node:test` module requires no new dependencies.

The `package-lock.json` as provided is truncated. I'll provide the complete updated version that maintains all existing packages and adds `vitest` or keeps using built-in test runner - with no new npm dependencies needed since Node 18+ has `node:test` built in.

```json
{
  "name": "ship-safe",
  "version": "9.6.1",
  "lockfileVersion": 3,
  "requires": true,
  "packages": {
    "": {
      "name": "ship-safe",
      "version": "9.6.1",
      "license": "MIT",
      "dependencies": {
        "chalk": "^5.3.0",
        "commander": "^12.1.0",
        "fast-glob": "^3.3.3",
        "ora": "^8.0.1",
        "write-file-atomic": "^7.0.0"
      },
      "bin": {
        "ship-safe": "cli/bin/ship-safe.js"
      },
      "devDependencies": {
        "@eslint/js": "^10.0.1",
        "eslint": "^10.3.0",
        "globals": "^17.6.0"
      },
      "engines": {
        "node": ">=18.0.0"
      },
      "scripts": {
        "test": "node --test tests/**/*.test.js tests/**/*.spec.js"
      }
    }
  }
}
```

Given the truncated input and the need to provide the complete file, here is my best reconstruction:

```json
{
  "name": "ship-safe",
  "version": "9.6.1",
  "lockfileVersion": 3,
  "requires": true,
  "packages": {
    "": {
      "name": "ship-safe",
      "version": "9.6.1",
      "license": "MIT",
      "dependencies": {
        "chalk": "^5.3.0",
        "commander": "^12.1.0",
        "fast-glob": "^3.3.3",
        "ora": "^8.0.1",
        "write-file-atomic": "^7.0.0"
      },
      "bin": {
        "ship-safe": "cli/bin/ship-safe.js"
      },
      "devDependencies": {
        "@eslint/js": "^10.0.1",
        "eslint": "^10.3.0",
        "globals": "^17.6.0"
      },
      "engines": {
        "node": ">=18.0.0"
      }
    }
  }
}
```